
Microsoft Visual Studio Solution File, Format Version 12.00
# Visual Studio Version 16
VisualStudioVersion = 16.0.31025.109
MinimumVisualStudioVersion = 10.0.40219.1
Project("{9A19103F-16F7-4668-BE54-9A1E7A4F7556}") = "Argus.Calibration", "Argus.Calibration\Argus.Calibration.csproj", "{ABDC3845-40B5-4B74-9379-1B757EC418F9}"
EndProject
Project("{9A19103F-16F7-4668-BE54-9A1E7A4F7556}") = "Argus.StereoCalibration", "Argus.StereoCalibration\Argus.StereoCalibration.csproj", "{4D6BDBE4-26FE-4AC3-AE63-52EC3543D617}"
EndProject
Project("{9A19103F-16F7-4668-BE54-9A1E7A4F7556}") = "Argus.RosSharp", "Argus.RosSharp\Argus.RosSharp.csproj", "{D19BE922-6E8C-43EF-9316-D75C1B2A4DFC}"
EndProject
Project("{FAE04EC0-301F-11D3-BF4B-00C04F79EFBC}") = "Argus.MultiSensorCalibration", "MultiSensorCalibration\Argus.MultiSensorCalibration.csproj", "{3AB97506-9BCE-4ACD-8E13-786F3610A826}"
EndProject
Project("{9A19103F-16F7-4668-BE54-9A1E7A4F7556}") = "Intel.RealSense", "Intel.RealSense\Intel.RealSense.csproj", "{1C4A1B80-0D3A-4EC6-A558-04BD0BB86514}"
EndProject
Project("{FAE04EC0-301F-11D3-BF4B-00C04F79EFBC}") = "knearest", "knearest\knearest.csproj", "{9407C285-5EB2-444C-9441-0850AFF94AE6}"
EndProject
Project("{FAE04EC0-301F-11D3-BF4B-00C04F79EFBC}") = "pointmatcher.net", "pointmatcher.net\pointmatcher.net.csproj", "{6F9D335C-BEBD-481A-BA5E-C193CB425167}"
EndProject
Global
	GlobalSection(SolutionConfigurationPlatforms) = preSolution
		Debug|Any CPU = Debug|Any CPU
		Release|Any CPU = Release|Any CPU
	EndGlobalSection
	GlobalSection(ProjectConfigurationPlatforms) = postSolution
		{ABDC3845-40B5-4B74-9379-1B757EC418F9}.Debug|Any CPU.ActiveCfg = Debug|Any CPU
		{ABDC3845-40B5-4B74-9379-1B757EC418F9}.Debug|Any CPU.Build.0 = Debug|Any CPU
		{ABDC3845-40B5-4B74-9379-1B757EC418F9}.Release|Any CPU.ActiveCfg = Release|Any CPU
		{ABDC3845-40B5-4B74-9379-1B757EC418F9}.Release|Any CPU.Build.0 = Release|Any CPU
		{4D6BDBE4-26FE-4AC3-AE63-52EC3543D617}.Debug|Any CPU.ActiveCfg = Debug|Any CPU
		{4D6BDBE4-26FE-4AC3-AE63-52EC3543D617}.Debug|Any CPU.Build.0 = Debug|Any CPU
		{4D6BDBE4-26FE-4AC3-AE63-52EC3543D617}.Release|Any CPU.ActiveCfg = Release|Any CPU
		{4D6BDBE4-26FE-4AC3-AE63-52EC3543D617}.Release|Any CPU.Build.0 = Release|Any CPU
		{D19BE922-6E8C-43EF-9316-D75C1B2A4DFC}.Debug|Any CPU.ActiveCfg = Debug|Any CPU
		{D19BE922-6E8C-43EF-9316-D75C1B2A4DFC}.Debug|Any CPU.Build.0 = Debug|Any CPU
		{D19BE922-6E8C-43EF-9316-D75C1B2A4DFC}.Release|Any CPU.ActiveCfg = Release|Any CPU
		{D19BE922-6E8C-43EF-9316-D75C1B2A4DFC}.Release|Any CPU.Build.0 = Release|Any CPU
		{3AB97506-9BCE-4ACD-8E13-786F3610A826}.Debug|Any CPU.ActiveCfg = Debug|Any CPU
		{3AB97506-9BCE-4ACD-8E13-786F3610A826}.Debug|Any CPU.Build.0 = Debug|Any CPU
		{3AB97506-9BCE-4ACD-8E13-786F3610A826}.Release|Any CPU.ActiveCfg = Release|Any CPU
		{3AB97506-9BCE-4ACD-8E13-786F3610A826}.Release|Any CPU.Build.0 = Release|Any CPU
		{1C4A1B80-0D3A-4EC6-A558-04BD0BB86514}.Debug|Any CPU.ActiveCfg = Debug|Any CPU
		{1C4A1B80-0D3A-4EC6-A558-04BD0BB86514}.Debug|Any CPU.Build.0 = Debug|Any CPU
		{1C4A1B80-0D3A-4EC6-A558-04BD0BB86514}.Release|Any CPU.ActiveCfg = Release|Any CPU
		{1C4A1B80-0D3A-4EC6-A558-04BD0BB86514}.Release|Any CPU.Build.0 = Release|Any CPU
		{9407C285-5EB2-444C-9441-0850AFF94AE6}.Debug|Any CPU.ActiveCfg = Debug|Any CPU
		{9407C285-5EB2-444C-9441-0850AFF94AE6}.Debug|Any CPU.Build.0 = Debug|Any CPU
		{9407C285-5EB2-444C-9441-0850AFF94AE6}.Release|Any CPU.ActiveCfg = Release|Any CPU
		{9407C285-5EB2-444C-9441-0850AFF94AE6}.Release|Any CPU.Build.0 = Release|Any CPU
		{6F9D335C-BEBD-481A-BA5E-C193CB425167}.Debug|Any CPU.ActiveCfg = Debug|Any CPU
		{6F9D335C-BEBD-481A-BA5E-C193CB425167}.Debug|Any CPU.Build.0 = Debug|Any CPU
		{6F9D335C-BEBD-481A-BA5E-C193CB425167}.Release|Any CPU.ActiveCfg = Release|Any CPU
		{6F9D335C-BEBD-481A-BA5E-C193CB425167}.Release|Any CPU.Build.0 = Release|Any CPU
	EndGlobalSection
	GlobalSection(SolutionProperties) = preSolution
		HideSolutionNode = FALSE
	EndGlobalSection
	GlobalSection(ExtensibilityGlobals) = postSolution
		SolutionGuid = {C56E72B8-4AD9-494D-9959-3E9309FFC1A7}
	EndGlobalSection
EndGlobal
